
Microsoft Visual Studio Solution File, Format Version 11.00
# Visual Studio 2010
Project("{FAE04EC0-301F-11D3-BF4B-00C04F79EFBC}") = "Simple.Data", "Simple.Data\Simple.Data.csproj", "{148CEE80-2E84-4ABD-B5AB-20415B2BBD21}"
EndProject
Project("{2150E333-8FDC-42A3-9474-1A3956D46DE8}") = "Solution Items", "Solution Items", "{10F43335-5672-4BDA-91BB-5311C2BFA409}"
	ProjectSection(SolutionItems) = preProject
		CommonAssemblyInfo.cs = CommonAssemblyInfo.cs
		Simple.Data.vsmdi = Simple.Data.vsmdi
	EndProjectSection
EndProject
Project("{FAE04EC0-301F-11D3-BF4B-00C04F79EFBC}") = "Simple.Data.UnitTest", "Simple.Data.UnitTest\Simple.Data.UnitTest.csproj", "{1D2908F9-A78B-4EE1-8DAA-D4DBF3937C58}"
EndProject
Project("{2150E333-8FDC-42A3-9474-1A3956D46DE8}") = "Assemblies", "Assemblies", "{BA656253-3472-4A47-8640-976E89465B6F}"
	ProjectSection(SolutionItems) = preProject
		Assemblies\sqlceca35.dll = Assemblies\sqlceca35.dll
		Assemblies\sqlcecompact35.dll = Assemblies\sqlcecompact35.dll
		Assemblies\sqlceer35EN.dll = Assemblies\sqlceer35EN.dll
		Assemblies\sqlceme35.dll = Assemblies\sqlceme35.dll
		Assemblies\sqlceoledb35.dll = Assemblies\sqlceoledb35.dll
		Assemblies\sqlceqp35.dll = Assemblies\sqlceqp35.dll
		Assemblies\sqlcese35.dll = Assemblies\sqlcese35.dll
		Assemblies\System.Data.SqlServerCe.dll = Assemblies\System.Data.SqlServerCe.dll
	EndProjectSection
EndProject
Project("{FAE04EC0-301F-11D3-BF4B-00C04F79EFBC}") = "Simple.Data.SqlTest", "Simple.Data.SqlTest\Simple.Data.SqlTest.csproj", "{EFA5B19B-D24F-497E-AB48-8588ABFD1D01}"
EndProject
Project("{FAE04EC0-301F-11D3-BF4B-00C04F79EFBC}") = "Simple.Data.SqlCe35", "Simple.Data.SqlCe35\Simple.Data.SqlCe35.csproj", "{1EDAC58F-C0CC-42E3-AA3A-C4A0175B5273}"
EndProject
Project("{2150E333-8FDC-42A3-9474-1A3956D46DE8}") = "Tests", "Tests", "{182AEEFE-9B89-4264-BCED-91A00D1EF896}"
EndProject
Project("{FAE04EC0-301F-11D3-BF4B-00C04F79EFBC}") = "Simple.Data.Mocking", "Simple.Data.Mocking\Simple.Data.Mocking.csproj", "{292611F6-BBBD-492D-891C-0D9FB4BF5433}"
EndProject
Project("{FAE04EC0-301F-11D3-BF4B-00C04F79EFBC}") = "Simple.Data.Mocking.Test", "Simple.Data.Mocking.Test\Simple.Data.Mocking.Test.csproj", "{D4FE470E-4B01-4120-B809-F426A0179191}"
EndProject
Project("{FAE04EC0-301F-11D3-BF4B-00C04F79EFBC}") = "Simple.Data.SqlCe35Test", "Simple.Data.SqlCe35Test\Simple.Data.SqlCe35Test.csproj", "{29BBCAE1-DF13-40A0-A412-F2F87F4E9351}"
EndProject
Project("{FAE04EC0-301F-11D3-BF4B-00C04F79EFBC}") = "Simple.Data.SqlServer", "Simple.Data.SqlServer\Simple.Data.SqlServer.csproj", "{E24F1C0F-3DCD-4BE5-9A6E-78EF6CB392A1}"
EndProject
Project("{FAE04EC0-301F-11D3-BF4B-00C04F79EFBC}") = "Simple.Data.AdapterApi", "Simple.Data.AdapterApi\Simple.Data.AdapterApi.csproj", "{67ACEAD5-B457-4B52-9C55-611A61A73B56}"
EndProject
Project("{FAE04EC0-301F-11D3-BF4B-00C04F79EFBC}") = "Simple.Data.Ado", "Simple.Data.Ado\Simple.Data.Ado.csproj", "{ECC2D7DB-EC7F-44B6-B09F-5B471C629685}"
EndProject
Project("{FAE04EC0-301F-11D3-BF4B-00C04F79EFBC}") = "Simple.Data.Ado.Test", "Simple.Data.Ado.Test\Simple.Data.Ado.Test.csproj", "{96C623FD-869E-4DCE-98A1-17075EE384F9}"
EndProject
Project("{FAE04EC0-301F-11D3-BF4B-00C04F79EFBC}") = "Simple.Data.BehaviourTest", "Simple.Data.BehaviourTest\Simple.Data.BehaviourTest.csproj", "{70536BA8-AF0D-46F3-B04C-45177F56B320}"
EndProject
Project("{FAE04EC0-301F-11D3-BF4B-00C04F79EFBC}") = "Simple.Data.SqlCe40", "Simple.Data.SqlCe40\Simple.Data.SqlCe40.csproj", "{43BA3D2C-10D8-470D-A60B-4F06D2F9D539}"
EndProject
Project("{FAE04EC0-301F-11D3-BF4B-00C04F79EFBC}") = "Simple.Data.SqlCe40Test", "Simple.Data.SqlCe40Test\Simple.Data.SqlCe40Test.csproj", "{E9160373-8BD2-4D69-B88E-1D3B5BC0A6FB}"
EndProject
Global
	GlobalSection(TestCaseManagementSettings) = postSolution
		CategoryFile = Simple.Data.vsmdi
	EndGlobalSection
	GlobalSection(SolutionConfigurationPlatforms) = preSolution
		Debug|Any CPU = Debug|Any CPU
		Release|Any CPU = Release|Any CPU
	EndGlobalSection
	GlobalSection(ProjectConfigurationPlatforms) = postSolution
		{148CEE80-2E84-4ABD-B5AB-20415B2BBD21}.Debug|Any CPU.ActiveCfg = Debug|Any CPU
		{148CEE80-2E84-4ABD-B5AB-20415B2BBD21}.Debug|Any CPU.Build.0 = Debug|Any CPU
		{148CEE80-2E84-4ABD-B5AB-20415B2BBD21}.Release|Any CPU.ActiveCfg = Release|Any CPU
		{148CEE80-2E84-4ABD-B5AB-20415B2BBD21}.Release|Any CPU.Build.0 = Release|Any CPU
		{1D2908F9-A78B-4EE1-8DAA-D4DBF3937C58}.Debug|Any CPU.ActiveCfg = Debug|Any CPU
		{1D2908F9-A78B-4EE1-8DAA-D4DBF3937C58}.Debug|Any CPU.Build.0 = Debug|Any CPU
		{1D2908F9-A78B-4EE1-8DAA-D4DBF3937C58}.Release|Any CPU.ActiveCfg = Release|Any CPU
		{1D2908F9-A78B-4EE1-8DAA-D4DBF3937C58}.Release|Any CPU.Build.0 = Release|Any CPU
		{EFA5B19B-D24F-497E-AB48-8588ABFD1D01}.Debug|Any CPU.ActiveCfg = Debug|Any CPU
		{EFA5B19B-D24F-497E-AB48-8588ABFD1D01}.Debug|Any CPU.Build.0 = Debug|Any CPU
		{EFA5B19B-D24F-497E-AB48-8588ABFD1D01}.Release|Any CPU.ActiveCfg = Release|Any CPU
		{EFA5B19B-D24F-497E-AB48-8588ABFD1D01}.Release|Any CPU.Build.0 = Release|Any CPU
		{1EDAC58F-C0CC-42E3-AA3A-C4A0175B5273}.Debug|Any CPU.ActiveCfg = Debug|Any CPU
		{1EDAC58F-C0CC-42E3-AA3A-C4A0175B5273}.Debug|Any CPU.Build.0 = Debug|Any CPU
		{1EDAC58F-C0CC-42E3-AA3A-C4A0175B5273}.Release|Any CPU.ActiveCfg = Release|Any CPU
		{1EDAC58F-C0CC-42E3-AA3A-C4A0175B5273}.Release|Any CPU.Build.0 = Release|Any CPU
		{292611F6-BBBD-492D-891C-0D9FB4BF5433}.Debug|Any CPU.ActiveCfg = Debug|Any CPU
		{292611F6-BBBD-492D-891C-0D9FB4BF5433}.Debug|Any CPU.Build.0 = Debug|Any CPU
		{292611F6-BBBD-492D-891C-0D9FB4BF5433}.Release|Any CPU.ActiveCfg = Release|Any CPU
		{292611F6-BBBD-492D-891C-0D9FB4BF5433}.Release|Any CPU.Build.0 = Release|Any CPU
		{D4FE470E-4B01-4120-B809-F426A0179191}.Debug|Any CPU.ActiveCfg = Debug|Any CPU
		{D4FE470E-4B01-4120-B809-F426A0179191}.Debug|Any CPU.Build.0 = Debug|Any CPU
		{D4FE470E-4B01-4120-B809-F426A0179191}.Release|Any CPU.ActiveCfg = Release|Any CPU
		{D4FE470E-4B01-4120-B809-F426A0179191}.Release|Any CPU.Build.0 = Release|Any CPU
		{29BBCAE1-DF13-40A0-A412-F2F87F4E9351}.Debug|Any CPU.ActiveCfg = Debug|Any CPU
		{29BBCAE1-DF13-40A0-A412-F2F87F4E9351}.Debug|Any CPU.Build.0 = Debug|Any CPU
		{29BBCAE1-DF13-40A0-A412-F2F87F4E9351}.Release|Any CPU.ActiveCfg = Release|Any CPU
		{29BBCAE1-DF13-40A0-A412-F2F87F4E9351}.Release|Any CPU.Build.0 = Release|Any CPU
		{E24F1C0F-3DCD-4BE5-9A6E-78EF6CB392A1}.Debug|Any CPU.ActiveCfg = Debug|Any CPU
		{E24F1C0F-3DCD-4BE5-9A6E-78EF6CB392A1}.Debug|Any CPU.Build.0 = Debug|Any CPU
		{E24F1C0F-3DCD-4BE5-9A6E-78EF6CB392A1}.Release|Any CPU.ActiveCfg = Release|Any CPU
		{E24F1C0F-3DCD-4BE5-9A6E-78EF6CB392A1}.Release|Any CPU.Build.0 = Release|Any CPU
		{67ACEAD5-B457-4B52-9C55-611A61A73B56}.Debug|Any CPU.ActiveCfg = Debug|Any CPU
		{67ACEAD5-B457-4B52-9C55-611A61A73B56}.Debug|Any CPU.Build.0 = Debug|Any CPU
		{67ACEAD5-B457-4B52-9C55-611A61A73B56}.Release|Any CPU.ActiveCfg = Release|Any CPU
		{67ACEAD5-B457-4B52-9C55-611A61A73B56}.Release|Any CPU.Build.0 = Release|Any CPU
		{ECC2D7DB-EC7F-44B6-B09F-5B471C629685}.Debug|Any CPU.ActiveCfg = Debug|Any CPU
		{ECC2D7DB-EC7F-44B6-B09F-5B471C629685}.Debug|Any CPU.Build.0 = Debug|Any CPU
		{ECC2D7DB-EC7F-44B6-B09F-5B471C629685}.Release|Any CPU.ActiveCfg = Release|Any CPU
		{ECC2D7DB-EC7F-44B6-B09F-5B471C629685}.Release|Any CPU.Build.0 = Release|Any CPU
		{96C623FD-869E-4DCE-98A1-17075EE384F9}.Debug|Any CPU.ActiveCfg = Debug|Any CPU
		{96C623FD-869E-4DCE-98A1-17075EE384F9}.Debug|Any CPU.Build.0 = Debug|Any CPU
		{96C623FD-869E-4DCE-98A1-17075EE384F9}.Release|Any CPU.ActiveCfg = Release|Any CPU
		{96C623FD-869E-4DCE-98A1-17075EE384F9}.Release|Any CPU.Build.0 = Release|Any CPU
		{70536BA8-AF0D-46F3-B04C-45177F56B320}.Debug|Any CPU.ActiveCfg = Debug|Any CPU
		{70536BA8-AF0D-46F3-B04C-45177F56B320}.Debug|Any CPU.Build.0 = Debug|Any CPU
		{70536BA8-AF0D-46F3-B04C-45177F56B320}.Release|Any CPU.ActiveCfg = Release|Any CPU
		{70536BA8-AF0D-46F3-B04C-45177F56B320}.Release|Any CPU.Build.0 = Release|Any CPU
		{43BA3D2C-10D8-470D-A60B-4F06D2F9D539}.Debug|Any CPU.ActiveCfg = Debug|Any CPU
		{43BA3D2C-10D8-470D-A60B-4F06D2F9D539}.Debug|Any CPU.Build.0 = Debug|Any CPU
		{43BA3D2C-10D8-470D-A60B-4F06D2F9D539}.Release|Any CPU.ActiveCfg = Release|Any CPU
		{43BA3D2C-10D8-470D-A60B-4F06D2F9D539}.Release|Any CPU.Build.0 = Release|Any CPU
		{E9160373-8BD2-4D69-B88E-1D3B5BC0A6FB}.Debug|Any CPU.ActiveCfg = Debug|Any CPU
		{E9160373-8BD2-4D69-B88E-1D3B5BC0A6FB}.Debug|Any CPU.Build.0 = Debug|Any CPU
		{E9160373-8BD2-4D69-B88E-1D3B5BC0A6FB}.Release|Any CPU.ActiveCfg = Release|Any CPU
		{E9160373-8BD2-4D69-B88E-1D3B5BC0A6FB}.Release|Any CPU.Build.0 = Release|Any CPU
	EndGlobalSection
	GlobalSection(SolutionProperties) = preSolution
		HideSolutionNode = FALSE
	EndGlobalSection
	GlobalSection(NestedProjects) = preSolution
		{EFA5B19B-D24F-497E-AB48-8588ABFD1D01} = {182AEEFE-9B89-4264-BCED-91A00D1EF896}
		{1D2908F9-A78B-4EE1-8DAA-D4DBF3937C58} = {182AEEFE-9B89-4264-BCED-91A00D1EF896}
		{D4FE470E-4B01-4120-B809-F426A0179191} = {182AEEFE-9B89-4264-BCED-91A00D1EF896}
		{29BBCAE1-DF13-40A0-A412-F2F87F4E9351} = {182AEEFE-9B89-4264-BCED-91A00D1EF896}
		{96C623FD-869E-4DCE-98A1-17075EE384F9} = {182AEEFE-9B89-4264-BCED-91A00D1EF896}
		{70536BA8-AF0D-46F3-B04C-45177F56B320} = {182AEEFE-9B89-4264-BCED-91A00D1EF896}
		{E9160373-8BD2-4D69-B88E-1D3B5BC0A6FB} = {182AEEFE-9B89-4264-BCED-91A00D1EF896}
	EndGlobalSection
EndGlobal
