
Microsoft Visual Studio Solution File, Format Version 11.00
# Visual Studio 2010
Project("{FAE04EC0-301F-11D3-BF4B-00C04F79EFBC}") = "Simple.Data", "Simple.Data\Simple.Data.csproj", "{148CEE80-2E84-4ABD-B5AB-20415B2BBD21}"
EndProject
Project("{2150E333-8FDC-42A3-9474-1A3956D46DE8}") = "Solution Items", "Solution Items", "{10F43335-5672-4BDA-91BB-5311C2BFA409}"
	ProjectSection(SolutionItems) = preProject
		CommonAssemblyInfo.cs = CommonAssemblyInfo.cs
		Simple.Data.vsmdi = Simple.Data.vsmdi
	EndProjectSection
EndProject
Project("{FAE04EC0-301F-11D3-BF4B-00C04F79EFBC}") = "Simple.Data.IntegrationTest", "Simple.Data.IntegrationTest\Simple.Data.IntegrationTest.csproj", "{70536BA8-AF0D-46F3-B04C-45177F56B320}"
EndProject
Project("{FAE04EC0-301F-11D3-BF4B-00C04F79EFBC}") = "Simple.Data.UnitTest", "Simple.Data.UnitTest\Simple.Data.UnitTest.csproj", "{1D2908F9-A78B-4EE1-8DAA-D4DBF3937C58}"
EndProject
Project("{2150E333-8FDC-42A3-9474-1A3956D46DE8}") = "Assemblies", "Assemblies", "{BA656253-3472-4A47-8640-976E89465B6F}"
	ProjectSection(SolutionItems) = preProject
		Assemblies\sqlceca35.dll = Assemblies\sqlceca35.dll
		Assemblies\sqlcecompact35.dll = Assemblies\sqlcecompact35.dll
		Assemblies\sqlceer35EN.dll = Assemblies\sqlceer35EN.dll
		Assemblies\sqlceme35.dll = Assemblies\sqlceme35.dll
		Assemblies\sqlceoledb35.dll = Assemblies\sqlceoledb35.dll
		Assemblies\sqlceqp35.dll = Assemblies\sqlceqp35.dll
		Assemblies\sqlcese35.dll = Assemblies\sqlcese35.dll
		Assemblies\System.Data.SqlServerCe.dll = Assemblies\System.Data.SqlServerCe.dll
	EndProjectSection
EndProject
Project("{FAE04EC0-301F-11D3-BF4B-00C04F79EFBC}") = "Simple.Data.SqlTest", "Simple.Data.SqlTest\Simple.Data.SqlTest.csproj", "{EFA5B19B-D24F-497E-AB48-8588ABFD1D01}"
EndProject
Project("{C8D11400-126E-41CD-887F-60BD40844F9E}") = "SimpleTest", "SimpleTest\SimpleTest.dbproj", "{67CBC824-A49E-4E9B-A947-360F3DFE65C3}"
EndProject
Project("{FAE04EC0-301F-11D3-BF4B-00C04F79EFBC}") = "Simple.Data.SqlCe35", "Simple.Data.SqlCe35\Simple.Data.SqlCe35.csproj", "{1EDAC58F-C0CC-42E3-AA3A-C4A0175B5273}"
EndProject
Project("{2150E333-8FDC-42A3-9474-1A3956D46DE8}") = "Simple.Data.Tests", "Simple.Data.Tests", "{182AEEFE-9B89-4264-BCED-91A00D1EF896}"
EndProject
Project("{FAE04EC0-301F-11D3-BF4B-00C04F79EFBC}") = "Simple.Data.Mocking", "Simple.Data.Mocking\Simple.Data.Mocking.csproj", "{292611F6-BBBD-492D-891C-0D9FB4BF5433}"
EndProject
Project("{FAE04EC0-301F-11D3-BF4B-00C04F79EFBC}") = "Simple.Data.Mocking.Test", "Simple.Data.Mocking.Test\Simple.Data.Mocking.Test.csproj", "{D4FE470E-4B01-4120-B809-F426A0179191}"
EndProject
Project("{FAE04EC0-301F-11D3-BF4B-00C04F79EFBC}") = "Simple.Data.SqlCe35Test", "Simple.Data.SqlCe35Test\Simple.Data.SqlCe35Test.csproj", "{29BBCAE1-DF13-40A0-A412-F2F87F4E9351}"
EndProject
Project("{FAE04EC0-301F-11D3-BF4B-00C04F79EFBC}") = "Simple.Data.SqlServer", "Simple.Data.SqlServer\Simple.Data.SqlServer.csproj", "{E24F1C0F-3DCD-4BE5-9A6E-78EF6CB392A1}"
EndProject
Project("{FAE04EC0-301F-11D3-BF4B-00C04F79EFBC}") = "Simple.NExtLib", "Simple.NExtLib\Simple.NExtLib.csproj", "{4A191FAD-DC1D-46FC-A941-7DEB2C8C4C15}"
EndProject
Project("{FAE04EC0-301F-11D3-BF4B-00C04F79EFBC}") = "Simple.NExtLib.Unit", "Simple.NExtLib.Unit\Simple.NExtLib.Unit.csproj", "{072F8BE4-81C1-4276-A9A5-1AEC87A84265}"
EndProject
Project("{FAE04EC0-301F-11D3-BF4B-00C04F79EFBC}") = "Simple.NExtLib.Tests", "Simple.NExtLib.Tests\Simple.NExtLib.Tests.csproj", "{8DF17038-537D-45BE-B229-C99EECBB4EDC}"
EndProject
Project("{FAE04EC0-301F-11D3-BF4B-00C04F79EFBC}") = "Simple.Azure", "Simple.Azure\Simple.Azure.csproj", "{52D6C95D-7052-41B3-9003-E93DF4320221}"
EndProject
Project("{FAE04EC0-301F-11D3-BF4B-00C04F79EFBC}") = "Simple.Azure.Tests", "Simple.Azure.Tests\Simple.Azure.Tests.csproj", "{0A6918F1-6F2C-4C02-8CB5-304731D2DAC3}"
EndProject
Project("{FAE04EC0-301F-11D3-BF4B-00C04F79EFBC}") = "Simple.Azure.IntegrationTests", "Simple.Azure.IntegrationTests\Simple.Azure.IntegrationTests.csproj", "{E8CBD0A4-4770-4F6B-9BBE-A37681E119F2}"
EndProject
Project("{2150E333-8FDC-42A3-9474-1A3956D46DE8}") = "Simple.Azure.Tests", "Simple.Azure.Tests", "{459D6CD1-B7A3-48A6-A613-57F5E8BC3A28}"
EndProject
Project("{2150E333-8FDC-42A3-9474-1A3956D46DE8}") = "Simple.NExtLib.Tests", "Simple.NExtLib.Tests", "{EAEEE2B0-E5FB-4FCE-97CD-3C77E593E5A1}"
EndProject
Project("{FAE04EC0-301F-11D3-BF4B-00C04F79EFBC}") = "Simple.Data.AdapterApi", "Simple.Data.AdapterApi\Simple.Data.AdapterApi.csproj", "{67ACEAD5-B457-4B52-9C55-611A61A73B56}"
EndProject
Global
	GlobalSection(TestCaseManagementSettings) = postSolution
		CategoryFile = Simple.Data.vsmdi
	EndGlobalSection
	GlobalSection(SolutionConfigurationPlatforms) = preSolution
		Debug|Any CPU = Debug|Any CPU
		Release|Any CPU = Release|Any CPU
	EndGlobalSection
	GlobalSection(ProjectConfigurationPlatforms) = postSolution
		{148CEE80-2E84-4ABD-B5AB-20415B2BBD21}.Debug|Any CPU.ActiveCfg = Debug|Any CPU
		{148CEE80-2E84-4ABD-B5AB-20415B2BBD21}.Debug|Any CPU.Build.0 = Debug|Any CPU
		{148CEE80-2E84-4ABD-B5AB-20415B2BBD21}.Release|Any CPU.ActiveCfg = Release|Any CPU
		{148CEE80-2E84-4ABD-B5AB-20415B2BBD21}.Release|Any CPU.Build.0 = Release|Any CPU
		{70536BA8-AF0D-46F3-B04C-45177F56B320}.Debug|Any CPU.ActiveCfg = Debug|Any CPU
		{70536BA8-AF0D-46F3-B04C-45177F56B320}.Debug|Any CPU.Build.0 = Debug|Any CPU
		{70536BA8-AF0D-46F3-B04C-45177F56B320}.Release|Any CPU.ActiveCfg = Release|Any CPU
		{70536BA8-AF0D-46F3-B04C-45177F56B320}.Release|Any CPU.Build.0 = Release|Any CPU
		{1D2908F9-A78B-4EE1-8DAA-D4DBF3937C58}.Debug|Any CPU.ActiveCfg = Debug|Any CPU
		{1D2908F9-A78B-4EE1-8DAA-D4DBF3937C58}.Debug|Any CPU.Build.0 = Debug|Any CPU
		{1D2908F9-A78B-4EE1-8DAA-D4DBF3937C58}.Release|Any CPU.ActiveCfg = Release|Any CPU
		{1D2908F9-A78B-4EE1-8DAA-D4DBF3937C58}.Release|Any CPU.Build.0 = Release|Any CPU
		{EFA5B19B-D24F-497E-AB48-8588ABFD1D01}.Debug|Any CPU.ActiveCfg = Debug|Any CPU
		{EFA5B19B-D24F-497E-AB48-8588ABFD1D01}.Debug|Any CPU.Build.0 = Debug|Any CPU
		{EFA5B19B-D24F-497E-AB48-8588ABFD1D01}.Release|Any CPU.ActiveCfg = Release|Any CPU
		{EFA5B19B-D24F-497E-AB48-8588ABFD1D01}.Release|Any CPU.Build.0 = Release|Any CPU
		{67CBC824-A49E-4E9B-A947-360F3DFE65C3}.Debug|Any CPU.ActiveCfg = Debug|Any CPU
		{67CBC824-A49E-4E9B-A947-360F3DFE65C3}.Debug|Any CPU.Build.0 = Debug|Any CPU
		{67CBC824-A49E-4E9B-A947-360F3DFE65C3}.Debug|Any CPU.Deploy.0 = Debug|Any CPU
		{67CBC824-A49E-4E9B-A947-360F3DFE65C3}.Release|Any CPU.ActiveCfg = Release|Any CPU
		{67CBC824-A49E-4E9B-A947-360F3DFE65C3}.Release|Any CPU.Build.0 = Release|Any CPU
		{67CBC824-A49E-4E9B-A947-360F3DFE65C3}.Release|Any CPU.Deploy.0 = Release|Any CPU
		{1EDAC58F-C0CC-42E3-AA3A-C4A0175B5273}.Debug|Any CPU.ActiveCfg = Debug|Any CPU
		{1EDAC58F-C0CC-42E3-AA3A-C4A0175B5273}.Debug|Any CPU.Build.0 = Debug|Any CPU
		{1EDAC58F-C0CC-42E3-AA3A-C4A0175B5273}.Release|Any CPU.ActiveCfg = Release|Any CPU
		{1EDAC58F-C0CC-42E3-AA3A-C4A0175B5273}.Release|Any CPU.Build.0 = Release|Any CPU
		{292611F6-BBBD-492D-891C-0D9FB4BF5433}.Debug|Any CPU.ActiveCfg = Debug|Any CPU
		{292611F6-BBBD-492D-891C-0D9FB4BF5433}.Debug|Any CPU.Build.0 = Debug|Any CPU
		{292611F6-BBBD-492D-891C-0D9FB4BF5433}.Release|Any CPU.ActiveCfg = Release|Any CPU
		{292611F6-BBBD-492D-891C-0D9FB4BF5433}.Release|Any CPU.Build.0 = Release|Any CPU
		{D4FE470E-4B01-4120-B809-F426A0179191}.Debug|Any CPU.ActiveCfg = Debug|Any CPU
		{D4FE470E-4B01-4120-B809-F426A0179191}.Debug|Any CPU.Build.0 = Debug|Any CPU
		{D4FE470E-4B01-4120-B809-F426A0179191}.Release|Any CPU.ActiveCfg = Release|Any CPU
		{D4FE470E-4B01-4120-B809-F426A0179191}.Release|Any CPU.Build.0 = Release|Any CPU
		{29BBCAE1-DF13-40A0-A412-F2F87F4E9351}.Debug|Any CPU.ActiveCfg = Debug|Any CPU
		{29BBCAE1-DF13-40A0-A412-F2F87F4E9351}.Debug|Any CPU.Build.0 = Debug|Any CPU
		{29BBCAE1-DF13-40A0-A412-F2F87F4E9351}.Release|Any CPU.ActiveCfg = Release|Any CPU
		{29BBCAE1-DF13-40A0-A412-F2F87F4E9351}.Release|Any CPU.Build.0 = Release|Any CPU
		{E24F1C0F-3DCD-4BE5-9A6E-78EF6CB392A1}.Debug|Any CPU.ActiveCfg = Debug|Any CPU
		{E24F1C0F-3DCD-4BE5-9A6E-78EF6CB392A1}.Debug|Any CPU.Build.0 = Debug|Any CPU
		{E24F1C0F-3DCD-4BE5-9A6E-78EF6CB392A1}.Release|Any CPU.ActiveCfg = Release|Any CPU
		{E24F1C0F-3DCD-4BE5-9A6E-78EF6CB392A1}.Release|Any CPU.Build.0 = Release|Any CPU
		{4A191FAD-DC1D-46FC-A941-7DEB2C8C4C15}.Debug|Any CPU.ActiveCfg = Debug|Any CPU
		{4A191FAD-DC1D-46FC-A941-7DEB2C8C4C15}.Debug|Any CPU.Build.0 = Debug|Any CPU
		{4A191FAD-DC1D-46FC-A941-7DEB2C8C4C15}.Release|Any CPU.ActiveCfg = Release|Any CPU
		{4A191FAD-DC1D-46FC-A941-7DEB2C8C4C15}.Release|Any CPU.Build.0 = Release|Any CPU
		{072F8BE4-81C1-4276-A9A5-1AEC87A84265}.Debug|Any CPU.ActiveCfg = Debug|Any CPU
		{072F8BE4-81C1-4276-A9A5-1AEC87A84265}.Debug|Any CPU.Build.0 = Debug|Any CPU
		{072F8BE4-81C1-4276-A9A5-1AEC87A84265}.Release|Any CPU.ActiveCfg = Release|Any CPU
		{072F8BE4-81C1-4276-A9A5-1AEC87A84265}.Release|Any CPU.Build.0 = Release|Any CPU
		{8DF17038-537D-45BE-B229-C99EECBB4EDC}.Debug|Any CPU.ActiveCfg = Debug|Any CPU
		{8DF17038-537D-45BE-B229-C99EECBB4EDC}.Debug|Any CPU.Build.0 = Debug|Any CPU
		{8DF17038-537D-45BE-B229-C99EECBB4EDC}.Release|Any CPU.ActiveCfg = Release|Any CPU
		{8DF17038-537D-45BE-B229-C99EECBB4EDC}.Release|Any CPU.Build.0 = Release|Any CPU
		{52D6C95D-7052-41B3-9003-E93DF4320221}.Debug|Any CPU.ActiveCfg = Debug|Any CPU
		{52D6C95D-7052-41B3-9003-E93DF4320221}.Debug|Any CPU.Build.0 = Debug|Any CPU
		{52D6C95D-7052-41B3-9003-E93DF4320221}.Release|Any CPU.ActiveCfg = Release|Any CPU
		{52D6C95D-7052-41B3-9003-E93DF4320221}.Release|Any CPU.Build.0 = Release|Any CPU
		{0A6918F1-6F2C-4C02-8CB5-304731D2DAC3}.Debug|Any CPU.ActiveCfg = Debug|Any CPU
		{0A6918F1-6F2C-4C02-8CB5-304731D2DAC3}.Debug|Any CPU.Build.0 = Debug|Any CPU
		{0A6918F1-6F2C-4C02-8CB5-304731D2DAC3}.Release|Any CPU.ActiveCfg = Release|Any CPU
		{0A6918F1-6F2C-4C02-8CB5-304731D2DAC3}.Release|Any CPU.Build.0 = Release|Any CPU
		{E8CBD0A4-4770-4F6B-9BBE-A37681E119F2}.Debug|Any CPU.ActiveCfg = Debug|Any CPU
		{E8CBD0A4-4770-4F6B-9BBE-A37681E119F2}.Debug|Any CPU.Build.0 = Debug|Any CPU
		{E8CBD0A4-4770-4F6B-9BBE-A37681E119F2}.Release|Any CPU.ActiveCfg = Release|Any CPU
		{E8CBD0A4-4770-4F6B-9BBE-A37681E119F2}.Release|Any CPU.Build.0 = Release|Any CPU
		{67ACEAD5-B457-4B52-9C55-611A61A73B56}.Debug|Any CPU.ActiveCfg = Debug|Any CPU
		{67ACEAD5-B457-4B52-9C55-611A61A73B56}.Debug|Any CPU.Build.0 = Debug|Any CPU
		{67ACEAD5-B457-4B52-9C55-611A61A73B56}.Release|Any CPU.ActiveCfg = Release|Any CPU
		{67ACEAD5-B457-4B52-9C55-611A61A73B56}.Release|Any CPU.Build.0 = Release|Any CPU
	EndGlobalSection
	GlobalSection(SolutionProperties) = preSolution
		HideSolutionNode = FALSE
	EndGlobalSection
	GlobalSection(NestedProjects) = preSolution
		{1D2908F9-A78B-4EE1-8DAA-D4DBF3937C58} = {182AEEFE-9B89-4264-BCED-91A00D1EF896}
		{EFA5B19B-D24F-497E-AB48-8588ABFD1D01} = {182AEEFE-9B89-4264-BCED-91A00D1EF896}
		{67CBC824-A49E-4E9B-A947-360F3DFE65C3} = {182AEEFE-9B89-4264-BCED-91A00D1EF896}
		{70536BA8-AF0D-46F3-B04C-45177F56B320} = {182AEEFE-9B89-4264-BCED-91A00D1EF896}
		{D4FE470E-4B01-4120-B809-F426A0179191} = {182AEEFE-9B89-4264-BCED-91A00D1EF896}
		{29BBCAE1-DF13-40A0-A412-F2F87F4E9351} = {182AEEFE-9B89-4264-BCED-91A00D1EF896}
		{8DF17038-537D-45BE-B229-C99EECBB4EDC} = {EAEEE2B0-E5FB-4FCE-97CD-3C77E593E5A1}
		{E8CBD0A4-4770-4F6B-9BBE-A37681E119F2} = {459D6CD1-B7A3-48A6-A613-57F5E8BC3A28}
		{0A6918F1-6F2C-4C02-8CB5-304731D2DAC3} = {459D6CD1-B7A3-48A6-A613-57F5E8BC3A28}
	EndGlobalSection
EndGlobal
