
Microsoft Visual Studio Solution File, Format Version 11.00
# Visual Studio 2010
Project("{FAE04EC0-301F-11D3-BF4B-00C04F79EFBC}") = "Simple.Data", "Simple.Data\Simple.Data.csproj", "{148CEE80-2E84-4ABD-B5AB-20415B2BBD21}"
EndProject
Project("{2150E333-8FDC-42A3-9474-1A3956D46DE8}") = "Solution Items", "Solution Items", "{10F43335-5672-4BDA-91BB-5311C2BFA409}"
	ProjectSection(SolutionItems) = preProject
		Local.testsettings = Local.testsettings
		Simple.Data.vsmdi = Simple.Data.vsmdi
		TraceAndTestImpact.testsettings = TraceAndTestImpact.testsettings
	EndProjectSection
EndProject
Project("{FAE04EC0-301F-11D3-BF4B-00C04F79EFBC}") = "Simple.Web", "Simple.Web\Simple.Web.csproj", "{7EE79B24-B842-42FA-AA15-9FB957E1C6D4}"
EndProject
Project("{FAE04EC0-301F-11D3-BF4B-00C04F79EFBC}") = "Simple.Data.IntegrationTest", "Simple.Data.IntegrationTest\Simple.Data.IntegrationTest.csproj", "{70536BA8-AF0D-46F3-B04C-45177F56B320}"
EndProject
Project("{FAE04EC0-301F-11D3-BF4B-00C04F79EFBC}") = "Simple.Data.UnitTest", "Simple.Data.UnitTest\Simple.Data.UnitTest.csproj", "{1D2908F9-A78B-4EE1-8DAA-D4DBF3937C58}"
EndProject
Project("{2150E333-8FDC-42A3-9474-1A3956D46DE8}") = "Assemblies", "Assemblies", "{BA656253-3472-4A47-8640-976E89465B6F}"
	ProjectSection(SolutionItems) = preProject
		Assemblies\sqlceca35.dll = Assemblies\sqlceca35.dll
		Assemblies\sqlcecompact35.dll = Assemblies\sqlcecompact35.dll
		Assemblies\sqlceer35EN.dll = Assemblies\sqlceer35EN.dll
		Assemblies\sqlceme35.dll = Assemblies\sqlceme35.dll
		Assemblies\sqlceoledb35.dll = Assemblies\sqlceoledb35.dll
		Assemblies\sqlceqp35.dll = Assemblies\sqlceqp35.dll
		Assemblies\sqlcese35.dll = Assemblies\sqlcese35.dll
		Assemblies\System.Data.SqlServerCe.dll = Assemblies\System.Data.SqlServerCe.dll
	EndProjectSection
EndProject
Project("{FAE04EC0-301F-11D3-BF4B-00C04F79EFBC}") = "Simple.Data.SqlCeTest", "Simple.Data.SqlCeTest\Simple.Data.SqlCeTest.csproj", "{29BBCAE1-DF13-40A0-A412-F2F87F4E9351}"
EndProject
Project("{FAE04EC0-301F-11D3-BF4B-00C04F79EFBC}") = "Simple.Data.SqlTest", "Simple.Data.SqlTest\Simple.Data.SqlTest.csproj", "{EFA5B19B-D24F-497E-AB48-8588ABFD1D01}"
EndProject
Project("{C8D11400-126E-41CD-887F-60BD40844F9E}") = "SimpleTest", "SimpleTest\SimpleTest.dbproj", "{67CBC824-A49E-4E9B-A947-360F3DFE65C3}"
EndProject
Project("{FAE04EC0-301F-11D3-BF4B-00C04F79EFBC}") = "Simple.Data.AdoStubs", "Simple.Data.AdoStubs\Simple.Data.AdoStubs.csproj", "{7AD7B7C2-F06F-494E-BB3C-E60E997F4DFD}"
EndProject
Global
	GlobalSection(TestCaseManagementSettings) = postSolution
		CategoryFile = Simple.Data.vsmdi
	EndGlobalSection
	GlobalSection(SolutionConfigurationPlatforms) = preSolution
		Debug|Any CPU = Debug|Any CPU
		Release|Any CPU = Release|Any CPU
	EndGlobalSection
	GlobalSection(ProjectConfigurationPlatforms) = postSolution
		{148CEE80-2E84-4ABD-B5AB-20415B2BBD21}.Debug|Any CPU.ActiveCfg = Debug|Any CPU
		{148CEE80-2E84-4ABD-B5AB-20415B2BBD21}.Debug|Any CPU.Build.0 = Debug|Any CPU
		{148CEE80-2E84-4ABD-B5AB-20415B2BBD21}.Release|Any CPU.ActiveCfg = Release|Any CPU
		{148CEE80-2E84-4ABD-B5AB-20415B2BBD21}.Release|Any CPU.Build.0 = Release|Any CPU
		{7EE79B24-B842-42FA-AA15-9FB957E1C6D4}.Debug|Any CPU.ActiveCfg = Debug|Any CPU
		{7EE79B24-B842-42FA-AA15-9FB957E1C6D4}.Debug|Any CPU.Build.0 = Debug|Any CPU
		{7EE79B24-B842-42FA-AA15-9FB957E1C6D4}.Release|Any CPU.ActiveCfg = Release|Any CPU
		{7EE79B24-B842-42FA-AA15-9FB957E1C6D4}.Release|Any CPU.Build.0 = Release|Any CPU
		{70536BA8-AF0D-46F3-B04C-45177F56B320}.Debug|Any CPU.ActiveCfg = Debug|Any CPU
		{70536BA8-AF0D-46F3-B04C-45177F56B320}.Debug|Any CPU.Build.0 = Debug|Any CPU
		{70536BA8-AF0D-46F3-B04C-45177F56B320}.Release|Any CPU.ActiveCfg = Release|Any CPU
		{70536BA8-AF0D-46F3-B04C-45177F56B320}.Release|Any CPU.Build.0 = Release|Any CPU
		{1D2908F9-A78B-4EE1-8DAA-D4DBF3937C58}.Debug|Any CPU.ActiveCfg = Debug|Any CPU
		{1D2908F9-A78B-4EE1-8DAA-D4DBF3937C58}.Debug|Any CPU.Build.0 = Debug|Any CPU
		{1D2908F9-A78B-4EE1-8DAA-D4DBF3937C58}.Release|Any CPU.ActiveCfg = Release|Any CPU
		{1D2908F9-A78B-4EE1-8DAA-D4DBF3937C58}.Release|Any CPU.Build.0 = Release|Any CPU
		{29BBCAE1-DF13-40A0-A412-F2F87F4E9351}.Debug|Any CPU.ActiveCfg = Debug|Any CPU
		{29BBCAE1-DF13-40A0-A412-F2F87F4E9351}.Debug|Any CPU.Build.0 = Debug|Any CPU
		{29BBCAE1-DF13-40A0-A412-F2F87F4E9351}.Release|Any CPU.ActiveCfg = Release|Any CPU
		{29BBCAE1-DF13-40A0-A412-F2F87F4E9351}.Release|Any CPU.Build.0 = Release|Any CPU
		{EFA5B19B-D24F-497E-AB48-8588ABFD1D01}.Debug|Any CPU.ActiveCfg = Debug|Any CPU
		{EFA5B19B-D24F-497E-AB48-8588ABFD1D01}.Debug|Any CPU.Build.0 = Debug|Any CPU
		{EFA5B19B-D24F-497E-AB48-8588ABFD1D01}.Release|Any CPU.ActiveCfg = Release|Any CPU
		{EFA5B19B-D24F-497E-AB48-8588ABFD1D01}.Release|Any CPU.Build.0 = Release|Any CPU
		{67CBC824-A49E-4E9B-A947-360F3DFE65C3}.Debug|Any CPU.ActiveCfg = Debug|Any CPU
		{67CBC824-A49E-4E9B-A947-360F3DFE65C3}.Debug|Any CPU.Build.0 = Debug|Any CPU
		{67CBC824-A49E-4E9B-A947-360F3DFE65C3}.Debug|Any CPU.Deploy.0 = Debug|Any CPU
		{67CBC824-A49E-4E9B-A947-360F3DFE65C3}.Release|Any CPU.ActiveCfg = Release|Any CPU
		{67CBC824-A49E-4E9B-A947-360F3DFE65C3}.Release|Any CPU.Build.0 = Release|Any CPU
		{67CBC824-A49E-4E9B-A947-360F3DFE65C3}.Release|Any CPU.Deploy.0 = Release|Any CPU
		{7AD7B7C2-F06F-494E-BB3C-E60E997F4DFD}.Debug|Any CPU.ActiveCfg = Debug|Any CPU
		{7AD7B7C2-F06F-494E-BB3C-E60E997F4DFD}.Debug|Any CPU.Build.0 = Debug|Any CPU
		{7AD7B7C2-F06F-494E-BB3C-E60E997F4DFD}.Release|Any CPU.ActiveCfg = Release|Any CPU
		{7AD7B7C2-F06F-494E-BB3C-E60E997F4DFD}.Release|Any CPU.Build.0 = Release|Any CPU
	EndGlobalSection
	GlobalSection(SolutionProperties) = preSolution
		HideSolutionNode = FALSE
	EndGlobalSection
EndGlobal
