
Microsoft Visual Studio Solution File, Format Version 12.00
# Visual Studio 2013
VisualStudioVersion = 12.0.21005.1
MinimumVisualStudioVersion = 10.0.40219.1
Project("{FAE04EC0-301F-11D3-BF4B-00C04F79EFBC}") = "Simple.Data", "Simple.Data\Simple.Data.csproj", "{148CEE80-2E84-4ABD-B5AB-20415B2BBD21}"
EndProject
Project("{2150E333-8FDC-42A3-9474-1A3956D46DE8}") = "Solution Items", "Solution Items", "{10F43335-5672-4BDA-91BB-5311C2BFA409}"
	ProjectSection(SolutionItems) = preProject
		CommonAssemblyInfo.cs = CommonAssemblyInfo.cs
		README.md = README.md
	EndProjectSection
EndProject
Project("{FAE04EC0-301F-11D3-BF4B-00C04F79EFBC}") = "Simple.Data.UnitTest", "Simple.Data.UnitTest\Simple.Data.UnitTest.csproj", "{1D2908F9-A78B-4EE1-8DAA-D4DBF3937C58}"
EndProject
Project("{2150E333-8FDC-42A3-9474-1A3956D46DE8}") = "Assemblies", "Assemblies", "{BA656253-3472-4A47-8640-976E89465B6F}"
	ProjectSection(SolutionItems) = preProject
		Assemblies\sqlceca35.dll = Assemblies\sqlceca35.dll
		Assemblies\sqlcecompact35.dll = Assemblies\sqlcecompact35.dll
		Assemblies\sqlceer35EN.dll = Assemblies\sqlceer35EN.dll
		Assemblies\sqlceme35.dll = Assemblies\sqlceme35.dll
		Assemblies\sqlceoledb35.dll = Assemblies\sqlceoledb35.dll
		Assemblies\sqlceqp35.dll = Assemblies\sqlceqp35.dll
		Assemblies\sqlcese35.dll = Assemblies\sqlcese35.dll
		Assemblies\System.Data.SqlServerCe.dll = Assemblies\System.Data.SqlServerCe.dll
	EndProjectSection
EndProject
Project("{FAE04EC0-301F-11D3-BF4B-00C04F79EFBC}") = "Simple.Data.SqlTest", "Simple.Data.SqlTest\Simple.Data.SqlTest.csproj", "{EFA5B19B-D24F-497E-AB48-8588ABFD1D01}"
EndProject
Project("{2150E333-8FDC-42A3-9474-1A3956D46DE8}") = "Tests", "Tests", "{182AEEFE-9B89-4264-BCED-91A00D1EF896}"
EndProject
Project("{FAE04EC0-301F-11D3-BF4B-00C04F79EFBC}") = "Simple.Data.SqlServer", "Simple.Data.SqlServer\Simple.Data.SqlServer.csproj", "{E24F1C0F-3DCD-4BE5-9A6E-78EF6CB392A1}"
EndProject
Project("{FAE04EC0-301F-11D3-BF4B-00C04F79EFBC}") = "Simple.Data.AdapterApi", "Simple.Data.AdapterApi\Simple.Data.AdapterApi.csproj", "{67ACEAD5-B457-4B52-9C55-611A61A73B56}"
EndProject
Project("{FAE04EC0-301F-11D3-BF4B-00C04F79EFBC}") = "Simple.Data.Ado", "Simple.Data.Ado\Simple.Data.Ado.csproj", "{ECC2D7DB-EC7F-44B6-B09F-5B471C629685}"
EndProject
Project("{FAE04EC0-301F-11D3-BF4B-00C04F79EFBC}") = "Simple.Data.Ado.Test", "Simple.Data.Ado.Test\Simple.Data.Ado.Test.csproj", "{96C623FD-869E-4DCE-98A1-17075EE384F9}"
EndProject
Project("{FAE04EC0-301F-11D3-BF4B-00C04F79EFBC}") = "Simple.Data.BehaviourTest", "Simple.Data.BehaviourTest\Simple.Data.BehaviourTest.csproj", "{70536BA8-AF0D-46F3-B04C-45177F56B320}"
EndProject
Project("{FAE04EC0-301F-11D3-BF4B-00C04F79EFBC}") = "Simple.Data.SqlCe40", "Simple.Data.SqlCe40\Simple.Data.SqlCe40.csproj", "{43BA3D2C-10D8-470D-A60B-4F06D2F9D539}"
EndProject
Project("{FAE04EC0-301F-11D3-BF4B-00C04F79EFBC}") = "Simple.Data.SqlCe40Test", "Simple.Data.SqlCe40Test\Simple.Data.SqlCe40Test.csproj", "{E9160373-8BD2-4D69-B88E-1D3B5BC0A6FB}"
EndProject
Project("{FAE04EC0-301F-11D3-BF4B-00C04F79EFBC}") = "Simple.Data.TestHelper", "Simple.Data.TestHelper\Simple.Data.TestHelper.csproj", "{7DAB2F13-0392-435E-A934-4567266714BF}"
EndProject
Project("{FAE04EC0-301F-11D3-BF4B-00C04F79EFBC}") = "PerformanceTestConsole", "PerformanceTestConsole\PerformanceTestConsole.csproj", "{C88EA51F-59C4-4283-97AC-06440F4AA4F6}"
EndProject
Project("{2150E333-8FDC-42A3-9474-1A3956D46DE8}") = "Profiling", "Profiling", "{2AAC5DFA-3851-4324-A51F-5BC46BEB777C}"
EndProject
Project("{FAE04EC0-301F-11D3-BF4B-00C04F79EFBC}") = "ProfilingApp", "ProfilingApp\ProfilingApp.csproj", "{9AAF3008-8033-4A26-93D2-97928E7801E9}"
EndProject
Project("{FAE04EC0-301F-11D3-BF4B-00C04F79EFBC}") = "Simple.Data.InMemoryTest", "Simple.Data.InMemoryTest\Simple.Data.InMemoryTest.csproj", "{1B6A87C0-4ACA-4411-8879-844537A52126}"
EndProject
Project("{FAE04EC0-301F-11D3-BF4B-00C04F79EFBC}") = "Simple.Data.Mocking", "Simple.Data.Mocking\Simple.Data.Mocking.csproj", "{292611F6-BBBD-492D-891C-0D9FB4BF5433}"
EndProject
Project("{FAE04EC0-301F-11D3-BF4B-00C04F79EFBC}") = "Simple.Data.Migrations", "Simple.Data.Migrations\Simple.Data.Migrations.csproj", "{20E3FA44-D775-4A1C-88EA-D56D9C60E661}"
EndProject
Project("{FAE04EC0-301F-11D3-BF4B-00C04F79EFBC}") = "Simple.Data.Migrations.Tests", "Simple.Data.Migrations.Tests\Simple.Data.Migrations.Tests.csproj", "{9F110A91-DC67-48C1-894D-B36650F38DE1}"
EndProject
Project("{FAE04EC0-301F-11D3-BF4B-00C04F79EFBC}") = "Simple.Data.GraphTest", "Simple.Data.GraphTest\Simple.Data.GraphTest.csproj", "{3F84BDCB-E1DF-4447-85FF-7A4B28B42326}"
EndProject
Global
	GlobalSection(SolutionConfigurationPlatforms) = preSolution
		Debug|Any CPU = Debug|Any CPU
		Debug|Mixed Platforms = Debug|Mixed Platforms
		Debug|x86 = Debug|x86
		Release|Any CPU = Release|Any CPU
		Release|Mixed Platforms = Release|Mixed Platforms
		Release|x86 = Release|x86
		Release-Mono|Any CPU = Release-Mono|Any CPU
		Release-Mono|Mixed Platforms = Release-Mono|Mixed Platforms
		Release-Mono|x86 = Release-Mono|x86
	EndGlobalSection
	GlobalSection(ProjectConfigurationPlatforms) = postSolution
		{148CEE80-2E84-4ABD-B5AB-20415B2BBD21}.Debug|Any CPU.ActiveCfg = Debug|Any CPU
		{148CEE80-2E84-4ABD-B5AB-20415B2BBD21}.Debug|Any CPU.Build.0 = Debug|Any CPU
		{148CEE80-2E84-4ABD-B5AB-20415B2BBD21}.Debug|Mixed Platforms.ActiveCfg = Debug|Any CPU
		{148CEE80-2E84-4ABD-B5AB-20415B2BBD21}.Debug|Mixed Platforms.Build.0 = Debug|Any CPU
		{148CEE80-2E84-4ABD-B5AB-20415B2BBD21}.Debug|x86.ActiveCfg = Debug|Any CPU
		{148CEE80-2E84-4ABD-B5AB-20415B2BBD21}.Release|Any CPU.ActiveCfg = Release|Any CPU
		{148CEE80-2E84-4ABD-B5AB-20415B2BBD21}.Release|Any CPU.Build.0 = Release|Any CPU
		{148CEE80-2E84-4ABD-B5AB-20415B2BBD21}.Release|Mixed Platforms.ActiveCfg = Release|Any CPU
		{148CEE80-2E84-4ABD-B5AB-20415B2BBD21}.Release|Mixed Platforms.Build.0 = Release|Any CPU
		{148CEE80-2E84-4ABD-B5AB-20415B2BBD21}.Release|x86.ActiveCfg = Release|Any CPU
		{148CEE80-2E84-4ABD-B5AB-20415B2BBD21}.Release-Mono|Any CPU.ActiveCfg = Release-Mono|Any CPU
		{148CEE80-2E84-4ABD-B5AB-20415B2BBD21}.Release-Mono|Any CPU.Build.0 = Release-Mono|Any CPU
		{148CEE80-2E84-4ABD-B5AB-20415B2BBD21}.Release-Mono|Mixed Platforms.ActiveCfg = Release-Mono|Any CPU
		{148CEE80-2E84-4ABD-B5AB-20415B2BBD21}.Release-Mono|Mixed Platforms.Build.0 = Release-Mono|Any CPU
		{148CEE80-2E84-4ABD-B5AB-20415B2BBD21}.Release-Mono|x86.ActiveCfg = Release-Mono|Any CPU
		{1D2908F9-A78B-4EE1-8DAA-D4DBF3937C58}.Debug|Any CPU.ActiveCfg = Debug|Any CPU
		{1D2908F9-A78B-4EE1-8DAA-D4DBF3937C58}.Debug|Any CPU.Build.0 = Debug|Any CPU
		{1D2908F9-A78B-4EE1-8DAA-D4DBF3937C58}.Debug|Mixed Platforms.ActiveCfg = Debug|Any CPU
		{1D2908F9-A78B-4EE1-8DAA-D4DBF3937C58}.Debug|Mixed Platforms.Build.0 = Debug|Any CPU
		{1D2908F9-A78B-4EE1-8DAA-D4DBF3937C58}.Debug|x86.ActiveCfg = Debug|Any CPU
		{1D2908F9-A78B-4EE1-8DAA-D4DBF3937C58}.Release|Any CPU.ActiveCfg = Release|Any CPU
		{1D2908F9-A78B-4EE1-8DAA-D4DBF3937C58}.Release|Any CPU.Build.0 = Release|Any CPU
		{1D2908F9-A78B-4EE1-8DAA-D4DBF3937C58}.Release|Mixed Platforms.ActiveCfg = Release|Any CPU
		{1D2908F9-A78B-4EE1-8DAA-D4DBF3937C58}.Release|Mixed Platforms.Build.0 = Release|Any CPU
		{1D2908F9-A78B-4EE1-8DAA-D4DBF3937C58}.Release|x86.ActiveCfg = Release|Any CPU
		{1D2908F9-A78B-4EE1-8DAA-D4DBF3937C58}.Release-Mono|Any CPU.ActiveCfg = Release-Mono|Any CPU
		{1D2908F9-A78B-4EE1-8DAA-D4DBF3937C58}.Release-Mono|Any CPU.Build.0 = Release-Mono|Any CPU
		{1D2908F9-A78B-4EE1-8DAA-D4DBF3937C58}.Release-Mono|Mixed Platforms.ActiveCfg = Release-Mono|Any CPU
		{1D2908F9-A78B-4EE1-8DAA-D4DBF3937C58}.Release-Mono|Mixed Platforms.Build.0 = Release-Mono|Any CPU
		{1D2908F9-A78B-4EE1-8DAA-D4DBF3937C58}.Release-Mono|x86.ActiveCfg = Release-Mono|Any CPU
		{EFA5B19B-D24F-497E-AB48-8588ABFD1D01}.Debug|Any CPU.ActiveCfg = Debug|Any CPU
		{EFA5B19B-D24F-497E-AB48-8588ABFD1D01}.Debug|Any CPU.Build.0 = Debug|Any CPU
		{EFA5B19B-D24F-497E-AB48-8588ABFD1D01}.Debug|Mixed Platforms.ActiveCfg = Debug|Any CPU
		{EFA5B19B-D24F-497E-AB48-8588ABFD1D01}.Debug|Mixed Platforms.Build.0 = Debug|Any CPU
		{EFA5B19B-D24F-497E-AB48-8588ABFD1D01}.Debug|x86.ActiveCfg = Debug|Any CPU
		{EFA5B19B-D24F-497E-AB48-8588ABFD1D01}.Release|Any CPU.ActiveCfg = Release|Any CPU
		{EFA5B19B-D24F-497E-AB48-8588ABFD1D01}.Release|Any CPU.Build.0 = Release|Any CPU
		{EFA5B19B-D24F-497E-AB48-8588ABFD1D01}.Release|Mixed Platforms.ActiveCfg = Release|Any CPU
		{EFA5B19B-D24F-497E-AB48-8588ABFD1D01}.Release|Mixed Platforms.Build.0 = Release|Any CPU
		{EFA5B19B-D24F-497E-AB48-8588ABFD1D01}.Release|x86.ActiveCfg = Release|Any CPU
		{EFA5B19B-D24F-497E-AB48-8588ABFD1D01}.Release-Mono|Any CPU.ActiveCfg = Release-Mono|Any CPU
		{EFA5B19B-D24F-497E-AB48-8588ABFD1D01}.Release-Mono|Any CPU.Build.0 = Release-Mono|Any CPU
		{EFA5B19B-D24F-497E-AB48-8588ABFD1D01}.Release-Mono|Mixed Platforms.ActiveCfg = Release-Mono|Any CPU
		{EFA5B19B-D24F-497E-AB48-8588ABFD1D01}.Release-Mono|Mixed Platforms.Build.0 = Release-Mono|Any CPU
		{EFA5B19B-D24F-497E-AB48-8588ABFD1D01}.Release-Mono|x86.ActiveCfg = Release-Mono|Any CPU
		{E24F1C0F-3DCD-4BE5-9A6E-78EF6CB392A1}.Debug|Any CPU.ActiveCfg = Debug|Any CPU
		{E24F1C0F-3DCD-4BE5-9A6E-78EF6CB392A1}.Debug|Any CPU.Build.0 = Debug|Any CPU
		{E24F1C0F-3DCD-4BE5-9A6E-78EF6CB392A1}.Debug|Mixed Platforms.ActiveCfg = Debug|Any CPU
		{E24F1C0F-3DCD-4BE5-9A6E-78EF6CB392A1}.Debug|Mixed Platforms.Build.0 = Debug|Any CPU
		{E24F1C0F-3DCD-4BE5-9A6E-78EF6CB392A1}.Debug|x86.ActiveCfg = Debug|Any CPU
		{E24F1C0F-3DCD-4BE5-9A6E-78EF6CB392A1}.Release|Any CPU.ActiveCfg = Release|Any CPU
		{E24F1C0F-3DCD-4BE5-9A6E-78EF6CB392A1}.Release|Any CPU.Build.0 = Release|Any CPU
		{E24F1C0F-3DCD-4BE5-9A6E-78EF6CB392A1}.Release|Mixed Platforms.ActiveCfg = Release|Any CPU
		{E24F1C0F-3DCD-4BE5-9A6E-78EF6CB392A1}.Release|Mixed Platforms.Build.0 = Release|Any CPU
		{E24F1C0F-3DCD-4BE5-9A6E-78EF6CB392A1}.Release|x86.ActiveCfg = Release|Any CPU
		{E24F1C0F-3DCD-4BE5-9A6E-78EF6CB392A1}.Release-Mono|Any CPU.ActiveCfg = Release-Mono|Any CPU
		{E24F1C0F-3DCD-4BE5-9A6E-78EF6CB392A1}.Release-Mono|Any CPU.Build.0 = Release-Mono|Any CPU
		{E24F1C0F-3DCD-4BE5-9A6E-78EF6CB392A1}.Release-Mono|Mixed Platforms.ActiveCfg = Release-Mono|Any CPU
		{E24F1C0F-3DCD-4BE5-9A6E-78EF6CB392A1}.Release-Mono|Mixed Platforms.Build.0 = Release-Mono|Any CPU
		{E24F1C0F-3DCD-4BE5-9A6E-78EF6CB392A1}.Release-Mono|x86.ActiveCfg = Release-Mono|Any CPU
		{67ACEAD5-B457-4B52-9C55-611A61A73B56}.Debug|Any CPU.ActiveCfg = Debug|Any CPU
		{67ACEAD5-B457-4B52-9C55-611A61A73B56}.Debug|Any CPU.Build.0 = Debug|Any CPU
		{67ACEAD5-B457-4B52-9C55-611A61A73B56}.Debug|Mixed Platforms.ActiveCfg = Debug|Any CPU
		{67ACEAD5-B457-4B52-9C55-611A61A73B56}.Debug|Mixed Platforms.Build.0 = Debug|Any CPU
		{67ACEAD5-B457-4B52-9C55-611A61A73B56}.Debug|x86.ActiveCfg = Debug|Any CPU
		{67ACEAD5-B457-4B52-9C55-611A61A73B56}.Release|Any CPU.ActiveCfg = Release|Any CPU
		{67ACEAD5-B457-4B52-9C55-611A61A73B56}.Release|Any CPU.Build.0 = Release|Any CPU
		{67ACEAD5-B457-4B52-9C55-611A61A73B56}.Release|Mixed Platforms.ActiveCfg = Release|Any CPU
		{67ACEAD5-B457-4B52-9C55-611A61A73B56}.Release|Mixed Platforms.Build.0 = Release|Any CPU
		{67ACEAD5-B457-4B52-9C55-611A61A73B56}.Release|x86.ActiveCfg = Release|Any CPU
		{67ACEAD5-B457-4B52-9C55-611A61A73B56}.Release-Mono|Any CPU.ActiveCfg = Release|Any CPU
		{67ACEAD5-B457-4B52-9C55-611A61A73B56}.Release-Mono|Any CPU.Build.0 = Release|Any CPU
		{67ACEAD5-B457-4B52-9C55-611A61A73B56}.Release-Mono|Mixed Platforms.ActiveCfg = Release|Any CPU
		{67ACEAD5-B457-4B52-9C55-611A61A73B56}.Release-Mono|Mixed Platforms.Build.0 = Release|Any CPU
		{67ACEAD5-B457-4B52-9C55-611A61A73B56}.Release-Mono|x86.ActiveCfg = Release|Any CPU
		{ECC2D7DB-EC7F-44B6-B09F-5B471C629685}.Debug|Any CPU.ActiveCfg = Debug|Any CPU
		{ECC2D7DB-EC7F-44B6-B09F-5B471C629685}.Debug|Any CPU.Build.0 = Debug|Any CPU
		{ECC2D7DB-EC7F-44B6-B09F-5B471C629685}.Debug|Mixed Platforms.ActiveCfg = Debug|Any CPU
		{ECC2D7DB-EC7F-44B6-B09F-5B471C629685}.Debug|Mixed Platforms.Build.0 = Debug|Any CPU
		{ECC2D7DB-EC7F-44B6-B09F-5B471C629685}.Debug|x86.ActiveCfg = Debug|Any CPU
		{ECC2D7DB-EC7F-44B6-B09F-5B471C629685}.Release|Any CPU.ActiveCfg = Release|Any CPU
		{ECC2D7DB-EC7F-44B6-B09F-5B471C629685}.Release|Any CPU.Build.0 = Release|Any CPU
		{ECC2D7DB-EC7F-44B6-B09F-5B471C629685}.Release|Mixed Platforms.ActiveCfg = Release|Any CPU
		{ECC2D7DB-EC7F-44B6-B09F-5B471C629685}.Release|Mixed Platforms.Build.0 = Release|Any CPU
		{ECC2D7DB-EC7F-44B6-B09F-5B471C629685}.Release|x86.ActiveCfg = Release|Any CPU
		{ECC2D7DB-EC7F-44B6-B09F-5B471C629685}.Release-Mono|Any CPU.ActiveCfg = Release-Mono|Any CPU
		{ECC2D7DB-EC7F-44B6-B09F-5B471C629685}.Release-Mono|Any CPU.Build.0 = Release-Mono|Any CPU
		{ECC2D7DB-EC7F-44B6-B09F-5B471C629685}.Release-Mono|Mixed Platforms.ActiveCfg = Release-Mono|Any CPU
		{ECC2D7DB-EC7F-44B6-B09F-5B471C629685}.Release-Mono|Mixed Platforms.Build.0 = Release-Mono|Any CPU
		{ECC2D7DB-EC7F-44B6-B09F-5B471C629685}.Release-Mono|x86.ActiveCfg = Release-Mono|Any CPU
		{96C623FD-869E-4DCE-98A1-17075EE384F9}.Debug|Any CPU.ActiveCfg = Debug|Any CPU
		{96C623FD-869E-4DCE-98A1-17075EE384F9}.Debug|Any CPU.Build.0 = Debug|Any CPU
		{96C623FD-869E-4DCE-98A1-17075EE384F9}.Debug|Mixed Platforms.ActiveCfg = Debug|Any CPU
		{96C623FD-869E-4DCE-98A1-17075EE384F9}.Debug|Mixed Platforms.Build.0 = Debug|Any CPU
		{96C623FD-869E-4DCE-98A1-17075EE384F9}.Debug|x86.ActiveCfg = Debug|Any CPU
		{96C623FD-869E-4DCE-98A1-17075EE384F9}.Release|Any CPU.ActiveCfg = Release|Any CPU
		{96C623FD-869E-4DCE-98A1-17075EE384F9}.Release|Any CPU.Build.0 = Release|Any CPU
		{96C623FD-869E-4DCE-98A1-17075EE384F9}.Release|Mixed Platforms.ActiveCfg = Release|Any CPU
		{96C623FD-869E-4DCE-98A1-17075EE384F9}.Release|Mixed Platforms.Build.0 = Release|Any CPU
		{96C623FD-869E-4DCE-98A1-17075EE384F9}.Release|x86.ActiveCfg = Release|Any CPU
		{96C623FD-869E-4DCE-98A1-17075EE384F9}.Release-Mono|Any CPU.ActiveCfg = Release-Mono|Any CPU
		{96C623FD-869E-4DCE-98A1-17075EE384F9}.Release-Mono|Any CPU.Build.0 = Release-Mono|Any CPU
		{96C623FD-869E-4DCE-98A1-17075EE384F9}.Release-Mono|Mixed Platforms.ActiveCfg = Release-Mono|Any CPU
		{96C623FD-869E-4DCE-98A1-17075EE384F9}.Release-Mono|Mixed Platforms.Build.0 = Release-Mono|Any CPU
		{96C623FD-869E-4DCE-98A1-17075EE384F9}.Release-Mono|x86.ActiveCfg = Release-Mono|Any CPU
		{70536BA8-AF0D-46F3-B04C-45177F56B320}.Debug|Any CPU.ActiveCfg = Debug|Any CPU
		{70536BA8-AF0D-46F3-B04C-45177F56B320}.Debug|Any CPU.Build.0 = Debug|Any CPU
		{70536BA8-AF0D-46F3-B04C-45177F56B320}.Debug|Mixed Platforms.ActiveCfg = Debug|Any CPU
		{70536BA8-AF0D-46F3-B04C-45177F56B320}.Debug|Mixed Platforms.Build.0 = Debug|Any CPU
		{70536BA8-AF0D-46F3-B04C-45177F56B320}.Debug|x86.ActiveCfg = Debug|Any CPU
		{70536BA8-AF0D-46F3-B04C-45177F56B320}.Release|Any CPU.ActiveCfg = Release|Any CPU
		{70536BA8-AF0D-46F3-B04C-45177F56B320}.Release|Any CPU.Build.0 = Release|Any CPU
		{70536BA8-AF0D-46F3-B04C-45177F56B320}.Release|Mixed Platforms.ActiveCfg = Release|Any CPU
		{70536BA8-AF0D-46F3-B04C-45177F56B320}.Release|Mixed Platforms.Build.0 = Release|Any CPU
		{70536BA8-AF0D-46F3-B04C-45177F56B320}.Release|x86.ActiveCfg = Release|Any CPU
		{70536BA8-AF0D-46F3-B04C-45177F56B320}.Release-Mono|Any CPU.ActiveCfg = Release-Mono|Any CPU
		{70536BA8-AF0D-46F3-B04C-45177F56B320}.Release-Mono|Any CPU.Build.0 = Release-Mono|Any CPU
		{70536BA8-AF0D-46F3-B04C-45177F56B320}.Release-Mono|Mixed Platforms.ActiveCfg = Release-Mono|Any CPU
		{70536BA8-AF0D-46F3-B04C-45177F56B320}.Release-Mono|Mixed Platforms.Build.0 = Release-Mono|Any CPU
		{70536BA8-AF0D-46F3-B04C-45177F56B320}.Release-Mono|x86.ActiveCfg = Release-Mono|Any CPU
		{43BA3D2C-10D8-470D-A60B-4F06D2F9D539}.Debug|Any CPU.ActiveCfg = Debug|Any CPU
		{43BA3D2C-10D8-470D-A60B-4F06D2F9D539}.Debug|Any CPU.Build.0 = Debug|Any CPU
		{43BA3D2C-10D8-470D-A60B-4F06D2F9D539}.Debug|Mixed Platforms.ActiveCfg = Debug|Any CPU
		{43BA3D2C-10D8-470D-A60B-4F06D2F9D539}.Debug|Mixed Platforms.Build.0 = Debug|Any CPU
		{43BA3D2C-10D8-470D-A60B-4F06D2F9D539}.Debug|x86.ActiveCfg = Debug|Any CPU
		{43BA3D2C-10D8-470D-A60B-4F06D2F9D539}.Release|Any CPU.ActiveCfg = Release|Any CPU
		{43BA3D2C-10D8-470D-A60B-4F06D2F9D539}.Release|Any CPU.Build.0 = Release|Any CPU
		{43BA3D2C-10D8-470D-A60B-4F06D2F9D539}.Release|Mixed Platforms.ActiveCfg = Release|Any CPU
		{43BA3D2C-10D8-470D-A60B-4F06D2F9D539}.Release|Mixed Platforms.Build.0 = Release|Any CPU
		{43BA3D2C-10D8-470D-A60B-4F06D2F9D539}.Release|x86.ActiveCfg = Release|Any CPU
		{43BA3D2C-10D8-470D-A60B-4F06D2F9D539}.Release-Mono|Any CPU.ActiveCfg = Release|Any CPU
		{43BA3D2C-10D8-470D-A60B-4F06D2F9D539}.Release-Mono|Any CPU.Build.0 = Release|Any CPU
		{43BA3D2C-10D8-470D-A60B-4F06D2F9D539}.Release-Mono|Mixed Platforms.ActiveCfg = Release|Any CPU
		{43BA3D2C-10D8-470D-A60B-4F06D2F9D539}.Release-Mono|Mixed Platforms.Build.0 = Release|Any CPU
		{43BA3D2C-10D8-470D-A60B-4F06D2F9D539}.Release-Mono|x86.ActiveCfg = Release|Any CPU
		{E9160373-8BD2-4D69-B88E-1D3B5BC0A6FB}.Debug|Any CPU.ActiveCfg = Debug|Any CPU
		{E9160373-8BD2-4D69-B88E-1D3B5BC0A6FB}.Debug|Any CPU.Build.0 = Debug|Any CPU
		{E9160373-8BD2-4D69-B88E-1D3B5BC0A6FB}.Debug|Mixed Platforms.ActiveCfg = Debug|Any CPU
		{E9160373-8BD2-4D69-B88E-1D3B5BC0A6FB}.Debug|Mixed Platforms.Build.0 = Debug|Any CPU
		{E9160373-8BD2-4D69-B88E-1D3B5BC0A6FB}.Debug|x86.ActiveCfg = Debug|Any CPU
		{E9160373-8BD2-4D69-B88E-1D3B5BC0A6FB}.Release|Any CPU.ActiveCfg = Release|Any CPU
		{E9160373-8BD2-4D69-B88E-1D3B5BC0A6FB}.Release|Any CPU.Build.0 = Release|Any CPU
		{E9160373-8BD2-4D69-B88E-1D3B5BC0A6FB}.Release|Mixed Platforms.ActiveCfg = Release|Any CPU
		{E9160373-8BD2-4D69-B88E-1D3B5BC0A6FB}.Release|Mixed Platforms.Build.0 = Release|Any CPU
		{E9160373-8BD2-4D69-B88E-1D3B5BC0A6FB}.Release|x86.ActiveCfg = Release|Any CPU
		{E9160373-8BD2-4D69-B88E-1D3B5BC0A6FB}.Release-Mono|Any CPU.ActiveCfg = Release|Any CPU
		{E9160373-8BD2-4D69-B88E-1D3B5BC0A6FB}.Release-Mono|Any CPU.Build.0 = Release|Any CPU
		{E9160373-8BD2-4D69-B88E-1D3B5BC0A6FB}.Release-Mono|Mixed Platforms.ActiveCfg = Release|Any CPU
		{E9160373-8BD2-4D69-B88E-1D3B5BC0A6FB}.Release-Mono|Mixed Platforms.Build.0 = Release|Any CPU
		{E9160373-8BD2-4D69-B88E-1D3B5BC0A6FB}.Release-Mono|x86.ActiveCfg = Release|Any CPU
		{7DAB2F13-0392-435E-A934-4567266714BF}.Debug|Any CPU.ActiveCfg = Debug|Any CPU
		{7DAB2F13-0392-435E-A934-4567266714BF}.Debug|Any CPU.Build.0 = Debug|Any CPU
		{7DAB2F13-0392-435E-A934-4567266714BF}.Debug|Mixed Platforms.ActiveCfg = Debug|Any CPU
		{7DAB2F13-0392-435E-A934-4567266714BF}.Debug|Mixed Platforms.Build.0 = Debug|Any CPU
		{7DAB2F13-0392-435E-A934-4567266714BF}.Debug|x86.ActiveCfg = Debug|Any CPU
		{7DAB2F13-0392-435E-A934-4567266714BF}.Release|Any CPU.ActiveCfg = Release|Any CPU
		{7DAB2F13-0392-435E-A934-4567266714BF}.Release|Any CPU.Build.0 = Release|Any CPU
		{7DAB2F13-0392-435E-A934-4567266714BF}.Release|Mixed Platforms.ActiveCfg = Release|Any CPU
		{7DAB2F13-0392-435E-A934-4567266714BF}.Release|Mixed Platforms.Build.0 = Release|Any CPU
		{7DAB2F13-0392-435E-A934-4567266714BF}.Release|x86.ActiveCfg = Release|Any CPU
		{7DAB2F13-0392-435E-A934-4567266714BF}.Release-Mono|Any CPU.ActiveCfg = Release-Mono|Any CPU
		{7DAB2F13-0392-435E-A934-4567266714BF}.Release-Mono|Any CPU.Build.0 = Release-Mono|Any CPU
		{7DAB2F13-0392-435E-A934-4567266714BF}.Release-Mono|Mixed Platforms.ActiveCfg = Release-Mono|Any CPU
		{7DAB2F13-0392-435E-A934-4567266714BF}.Release-Mono|Mixed Platforms.Build.0 = Release-Mono|Any CPU
		{7DAB2F13-0392-435E-A934-4567266714BF}.Release-Mono|x86.ActiveCfg = Release-Mono|Any CPU
		{C88EA51F-59C4-4283-97AC-06440F4AA4F6}.Debug|Any CPU.ActiveCfg = Debug|x86
		{C88EA51F-59C4-4283-97AC-06440F4AA4F6}.Debug|Mixed Platforms.ActiveCfg = Debug|x86
		{C88EA51F-59C4-4283-97AC-06440F4AA4F6}.Debug|Mixed Platforms.Build.0 = Debug|x86
		{C88EA51F-59C4-4283-97AC-06440F4AA4F6}.Debug|x86.ActiveCfg = Debug|x86
		{C88EA51F-59C4-4283-97AC-06440F4AA4F6}.Debug|x86.Build.0 = Debug|x86
		{C88EA51F-59C4-4283-97AC-06440F4AA4F6}.Release|Any CPU.ActiveCfg = Release|x86
		{C88EA51F-59C4-4283-97AC-06440F4AA4F6}.Release|Mixed Platforms.ActiveCfg = Release|x86
		{C88EA51F-59C4-4283-97AC-06440F4AA4F6}.Release|Mixed Platforms.Build.0 = Release|x86
		{C88EA51F-59C4-4283-97AC-06440F4AA4F6}.Release|x86.ActiveCfg = Release|x86
		{C88EA51F-59C4-4283-97AC-06440F4AA4F6}.Release|x86.Build.0 = Release|x86
		{C88EA51F-59C4-4283-97AC-06440F4AA4F6}.Release-Mono|Any CPU.ActiveCfg = Release|x86
		{C88EA51F-59C4-4283-97AC-06440F4AA4F6}.Release-Mono|Mixed Platforms.ActiveCfg = Release|x86
		{C88EA51F-59C4-4283-97AC-06440F4AA4F6}.Release-Mono|Mixed Platforms.Build.0 = Release|x86
		{C88EA51F-59C4-4283-97AC-06440F4AA4F6}.Release-Mono|x86.ActiveCfg = Release|x86
		{C88EA51F-59C4-4283-97AC-06440F4AA4F6}.Release-Mono|x86.Build.0 = Release|x86
		{9AAF3008-8033-4A26-93D2-97928E7801E9}.Debug|Any CPU.ActiveCfg = Debug|x86
		{9AAF3008-8033-4A26-93D2-97928E7801E9}.Debug|Mixed Platforms.ActiveCfg = Debug|x86
		{9AAF3008-8033-4A26-93D2-97928E7801E9}.Debug|Mixed Platforms.Build.0 = Debug|x86
		{9AAF3008-8033-4A26-93D2-97928E7801E9}.Debug|x86.ActiveCfg = Debug|x86
		{9AAF3008-8033-4A26-93D2-97928E7801E9}.Debug|x86.Build.0 = Debug|x86
		{9AAF3008-8033-4A26-93D2-97928E7801E9}.Release|Any CPU.ActiveCfg = Release|x86
		{9AAF3008-8033-4A26-93D2-97928E7801E9}.Release|Mixed Platforms.ActiveCfg = Release|x86
		{9AAF3008-8033-4A26-93D2-97928E7801E9}.Release|Mixed Platforms.Build.0 = Release|x86
		{9AAF3008-8033-4A26-93D2-97928E7801E9}.Release|x86.ActiveCfg = Release|x86
		{9AAF3008-8033-4A26-93D2-97928E7801E9}.Release|x86.Build.0 = Release|x86
		{9AAF3008-8033-4A26-93D2-97928E7801E9}.Release-Mono|Any CPU.ActiveCfg = Release|x86
		{9AAF3008-8033-4A26-93D2-97928E7801E9}.Release-Mono|Mixed Platforms.ActiveCfg = Release|x86
		{9AAF3008-8033-4A26-93D2-97928E7801E9}.Release-Mono|Mixed Platforms.Build.0 = Release|x86
		{9AAF3008-8033-4A26-93D2-97928E7801E9}.Release-Mono|x86.ActiveCfg = Release|x86
		{9AAF3008-8033-4A26-93D2-97928E7801E9}.Release-Mono|x86.Build.0 = Release|x86
		{1B6A87C0-4ACA-4411-8879-844537A52126}.Debug|Any CPU.ActiveCfg = Debug|Any CPU
		{1B6A87C0-4ACA-4411-8879-844537A52126}.Debug|Any CPU.Build.0 = Debug|Any CPU
		{1B6A87C0-4ACA-4411-8879-844537A52126}.Debug|Mixed Platforms.ActiveCfg = Debug|Any CPU
		{1B6A87C0-4ACA-4411-8879-844537A52126}.Debug|Mixed Platforms.Build.0 = Debug|Any CPU
		{1B6A87C0-4ACA-4411-8879-844537A52126}.Debug|x86.ActiveCfg = Debug|Any CPU
		{1B6A87C0-4ACA-4411-8879-844537A52126}.Release|Any CPU.ActiveCfg = Release|Any CPU
		{1B6A87C0-4ACA-4411-8879-844537A52126}.Release|Any CPU.Build.0 = Release|Any CPU
		{1B6A87C0-4ACA-4411-8879-844537A52126}.Release|Mixed Platforms.ActiveCfg = Release|Any CPU
		{1B6A87C0-4ACA-4411-8879-844537A52126}.Release|Mixed Platforms.Build.0 = Release|Any CPU
		{1B6A87C0-4ACA-4411-8879-844537A52126}.Release|x86.ActiveCfg = Release|Any CPU
		{1B6A87C0-4ACA-4411-8879-844537A52126}.Release-Mono|Any CPU.ActiveCfg = Release-Mono|Any CPU
		{1B6A87C0-4ACA-4411-8879-844537A52126}.Release-Mono|Any CPU.Build.0 = Release-Mono|Any CPU
		{1B6A87C0-4ACA-4411-8879-844537A52126}.Release-Mono|Mixed Platforms.ActiveCfg = Release-Mono|Any CPU
		{1B6A87C0-4ACA-4411-8879-844537A52126}.Release-Mono|Mixed Platforms.Build.0 = Release-Mono|Any CPU
		{1B6A87C0-4ACA-4411-8879-844537A52126}.Release-Mono|x86.ActiveCfg = Release-Mono|Any CPU
		{292611F6-BBBD-492D-891C-0D9FB4BF5433}.Debug|Any CPU.ActiveCfg = Debug|Any CPU
		{292611F6-BBBD-492D-891C-0D9FB4BF5433}.Debug|Any CPU.Build.0 = Debug|Any CPU
		{292611F6-BBBD-492D-891C-0D9FB4BF5433}.Debug|Mixed Platforms.ActiveCfg = Debug|Any CPU
		{292611F6-BBBD-492D-891C-0D9FB4BF5433}.Debug|Mixed Platforms.Build.0 = Debug|Any CPU
		{292611F6-BBBD-492D-891C-0D9FB4BF5433}.Debug|x86.ActiveCfg = Debug|Any CPU
		{292611F6-BBBD-492D-891C-0D9FB4BF5433}.Release|Any CPU.ActiveCfg = Release|Any CPU
		{292611F6-BBBD-492D-891C-0D9FB4BF5433}.Release|Any CPU.Build.0 = Release|Any CPU
		{292611F6-BBBD-492D-891C-0D9FB4BF5433}.Release|Mixed Platforms.ActiveCfg = Release|Any CPU
		{292611F6-BBBD-492D-891C-0D9FB4BF5433}.Release|Mixed Platforms.Build.0 = Release|Any CPU
		{292611F6-BBBD-492D-891C-0D9FB4BF5433}.Release|x86.ActiveCfg = Release|Any CPU
		{292611F6-BBBD-492D-891C-0D9FB4BF5433}.Release-Mono|Any CPU.ActiveCfg = Release-Mono|Any CPU
		{292611F6-BBBD-492D-891C-0D9FB4BF5433}.Release-Mono|Any CPU.Build.0 = Release-Mono|Any CPU
		{292611F6-BBBD-492D-891C-0D9FB4BF5433}.Release-Mono|Mixed Platforms.ActiveCfg = Release-Mono|Any CPU
		{292611F6-BBBD-492D-891C-0D9FB4BF5433}.Release-Mono|Mixed Platforms.Build.0 = Release-Mono|Any CPU
		{292611F6-BBBD-492D-891C-0D9FB4BF5433}.Release-Mono|x86.ActiveCfg = Release-Mono|Any CPU
		{20E3FA44-D775-4A1C-88EA-D56D9C60E661}.Debug|Any CPU.ActiveCfg = Debug|Any CPU
		{20E3FA44-D775-4A1C-88EA-D56D9C60E661}.Debug|Any CPU.Build.0 = Debug|Any CPU
		{20E3FA44-D775-4A1C-88EA-D56D9C60E661}.Debug|Mixed Platforms.ActiveCfg = Debug|Any CPU
		{20E3FA44-D775-4A1C-88EA-D56D9C60E661}.Debug|Mixed Platforms.Build.0 = Debug|Any CPU
		{20E3FA44-D775-4A1C-88EA-D56D9C60E661}.Debug|x86.ActiveCfg = Debug|Any CPU
		{20E3FA44-D775-4A1C-88EA-D56D9C60E661}.Release|Any CPU.ActiveCfg = Release|Any CPU
		{20E3FA44-D775-4A1C-88EA-D56D9C60E661}.Release|Any CPU.Build.0 = Release|Any CPU
		{20E3FA44-D775-4A1C-88EA-D56D9C60E661}.Release|Mixed Platforms.ActiveCfg = Release|Any CPU
		{20E3FA44-D775-4A1C-88EA-D56D9C60E661}.Release|Mixed Platforms.Build.0 = Release|Any CPU
		{20E3FA44-D775-4A1C-88EA-D56D9C60E661}.Release|x86.ActiveCfg = Release|Any CPU
		{20E3FA44-D775-4A1C-88EA-D56D9C60E661}.Release-Mono|Any CPU.ActiveCfg = Release|Any CPU
		{20E3FA44-D775-4A1C-88EA-D56D9C60E661}.Release-Mono|Any CPU.Build.0 = Release|Any CPU
		{20E3FA44-D775-4A1C-88EA-D56D9C60E661}.Release-Mono|Mixed Platforms.ActiveCfg = Release|Any CPU
		{20E3FA44-D775-4A1C-88EA-D56D9C60E661}.Release-Mono|Mixed Platforms.Build.0 = Release|Any CPU
		{20E3FA44-D775-4A1C-88EA-D56D9C60E661}.Release-Mono|x86.ActiveCfg = Release|Any CPU
		{9F110A91-DC67-48C1-894D-B36650F38DE1}.Debug|Any CPU.ActiveCfg = Debug|Any CPU
		{9F110A91-DC67-48C1-894D-B36650F38DE1}.Debug|Any CPU.Build.0 = Debug|Any CPU
		{9F110A91-DC67-48C1-894D-B36650F38DE1}.Debug|Mixed Platforms.ActiveCfg = Debug|Any CPU
		{9F110A91-DC67-48C1-894D-B36650F38DE1}.Debug|Mixed Platforms.Build.0 = Debug|Any CPU
		{9F110A91-DC67-48C1-894D-B36650F38DE1}.Debug|x86.ActiveCfg = Debug|Any CPU
		{9F110A91-DC67-48C1-894D-B36650F38DE1}.Release|Any CPU.ActiveCfg = Release|Any CPU
		{9F110A91-DC67-48C1-894D-B36650F38DE1}.Release|Any CPU.Build.0 = Release|Any CPU
		{9F110A91-DC67-48C1-894D-B36650F38DE1}.Release|Mixed Platforms.ActiveCfg = Release|Any CPU
		{9F110A91-DC67-48C1-894D-B36650F38DE1}.Release|Mixed Platforms.Build.0 = Release|Any CPU
		{9F110A91-DC67-48C1-894D-B36650F38DE1}.Release|x86.ActiveCfg = Release|Any CPU
		{9F110A91-DC67-48C1-894D-B36650F38DE1}.Release-Mono|Any CPU.ActiveCfg = Release|Any CPU
		{9F110A91-DC67-48C1-894D-B36650F38DE1}.Release-Mono|Any CPU.Build.0 = Release|Any CPU
		{9F110A91-DC67-48C1-894D-B36650F38DE1}.Release-Mono|Mixed Platforms.ActiveCfg = Release|Any CPU
		{9F110A91-DC67-48C1-894D-B36650F38DE1}.Release-Mono|Mixed Platforms.Build.0 = Release|Any CPU
		{9F110A91-DC67-48C1-894D-B36650F38DE1}.Release-Mono|x86.ActiveCfg = Release|Any CPU
		{3F84BDCB-E1DF-4447-85FF-7A4B28B42326}.Debug|Any CPU.ActiveCfg = Debug|Any CPU
		{3F84BDCB-E1DF-4447-85FF-7A4B28B42326}.Debug|Any CPU.Build.0 = Debug|Any CPU
		{3F84BDCB-E1DF-4447-85FF-7A4B28B42326}.Debug|Mixed Platforms.ActiveCfg = Debug|Any CPU
		{3F84BDCB-E1DF-4447-85FF-7A4B28B42326}.Debug|Mixed Platforms.Build.0 = Debug|Any CPU
		{3F84BDCB-E1DF-4447-85FF-7A4B28B42326}.Debug|x86.ActiveCfg = Debug|Any CPU
		{3F84BDCB-E1DF-4447-85FF-7A4B28B42326}.Release|Any CPU.ActiveCfg = Release|Any CPU
		{3F84BDCB-E1DF-4447-85FF-7A4B28B42326}.Release|Any CPU.Build.0 = Release|Any CPU
		{3F84BDCB-E1DF-4447-85FF-7A4B28B42326}.Release|Mixed Platforms.ActiveCfg = Release|Any CPU
		{3F84BDCB-E1DF-4447-85FF-7A4B28B42326}.Release|Mixed Platforms.Build.0 = Release|Any CPU
		{3F84BDCB-E1DF-4447-85FF-7A4B28B42326}.Release|x86.ActiveCfg = Release|Any CPU
		{3F84BDCB-E1DF-4447-85FF-7A4B28B42326}.Release-Mono|Any CPU.ActiveCfg = Release|Any CPU
		{3F84BDCB-E1DF-4447-85FF-7A4B28B42326}.Release-Mono|Any CPU.Build.0 = Release|Any CPU
		{3F84BDCB-E1DF-4447-85FF-7A4B28B42326}.Release-Mono|Mixed Platforms.ActiveCfg = Release|Any CPU
		{3F84BDCB-E1DF-4447-85FF-7A4B28B42326}.Release-Mono|Mixed Platforms.Build.0 = Release|Any CPU
		{3F84BDCB-E1DF-4447-85FF-7A4B28B42326}.Release-Mono|x86.ActiveCfg = Release|Any CPU
	EndGlobalSection
	GlobalSection(SolutionProperties) = preSolution
		HideSolutionNode = FALSE
	EndGlobalSection
	GlobalSection(NestedProjects) = preSolution
		{EFA5B19B-D24F-497E-AB48-8588ABFD1D01} = {182AEEFE-9B89-4264-BCED-91A00D1EF896}
		{1D2908F9-A78B-4EE1-8DAA-D4DBF3937C58} = {182AEEFE-9B89-4264-BCED-91A00D1EF896}
		{96C623FD-869E-4DCE-98A1-17075EE384F9} = {182AEEFE-9B89-4264-BCED-91A00D1EF896}
		{70536BA8-AF0D-46F3-B04C-45177F56B320} = {182AEEFE-9B89-4264-BCED-91A00D1EF896}
		{E9160373-8BD2-4D69-B88E-1D3B5BC0A6FB} = {182AEEFE-9B89-4264-BCED-91A00D1EF896}
		{1B6A87C0-4ACA-4411-8879-844537A52126} = {182AEEFE-9B89-4264-BCED-91A00D1EF896}
		{9F110A91-DC67-48C1-894D-B36650F38DE1} = {182AEEFE-9B89-4264-BCED-91A00D1EF896}
		{3F84BDCB-E1DF-4447-85FF-7A4B28B42326} = {182AEEFE-9B89-4264-BCED-91A00D1EF896}
		{9AAF3008-8033-4A26-93D2-97928E7801E9} = {2AAC5DFA-3851-4324-A51F-5BC46BEB777C}
	EndGlobalSection
	GlobalSection(NDepend) = preSolution
		Project = ".\Simple_Data.ndproj"
	EndGlobalSection
EndGlobal
